
Microsoft Visual Studio Solution File, Format Version 12.00
# Visual Studio 15
VisualStudioVersion = 15.0.28307.1000
MinimumVisualStudioVersion = 10.0.40219.1
Project("{8BC9CEB8-8B4A-11D0-8D11-00A0C91BC942}") = "Fractals", "Fractals\Fractals.vcxproj", "{DA718541-CA78-40DC-AC0C-1823B3CC29D8}"
EndProject
Global
	GlobalSection(SolutionConfigurationPlatforms) = preSolution
		Debug|Any CPU = Debug|Any CPU
		Debug|x64 = Debug|x64
		Release|Any CPU = Release|Any CPU
		Release|x64 = Release|x64
		Release2|Any CPU = Release2|Any CPU
		Release2|x64 = Release2|x64
	EndGlobalSection
	GlobalSection(ProjectConfigurationPlatforms) = postSolution
		{DA718541-CA78-40DC-AC0C-1823B3CC29D8}.Debug|Any CPU.ActiveCfg = Debug|x64
		{DA718541-CA78-40DC-AC0C-1823B3CC29D8}.Debug|x64.ActiveCfg = Debug|x64
		{DA718541-CA78-40DC-AC0C-1823B3CC29D8}.Debug|x64.Build.0 = Debug|x64
		{DA718541-CA78-40DC-AC0C-1823B3CC29D8}.Release|Any CPU.ActiveCfg = Release|x64
		{DA718541-CA78-40DC-AC0C-1823B3CC29D8}.Release|x64.ActiveCfg = Release|x64
		{DA718541-CA78-40DC-AC0C-1823B3CC29D8}.Release|x64.Build.0 = Release|x64
		{DA718541-CA78-40DC-AC0C-1823B3CC29D8}.Release2|Any CPU.ActiveCfg = Release2|x64
		{DA718541-CA78-40DC-AC0C-1823B3CC29D8}.Release2|x64.ActiveCfg = Release2|x64
		{DA718541-CA78-40DC-AC0C-1823B3CC29D8}.Release2|x64.Build.0 = Release2|x64
	EndGlobalSection
	GlobalSection(SolutionProperties) = preSolution
		HideSolutionNode = FALSE
	EndGlobalSection
	GlobalSection(ExtensibilityGlobals) = postSolution
		SolutionGuid = {3427D762-9F92-4FF8-A3BC-372F313501E3}
	EndGlobalSection
EndGlobal
